// !$*UTF8*$!
{
	archiveVersion = 1;
	classes = {
	};
	objectVersion = 77;
	objects = {

/* Begin PBXBuildFile section */
		587D313F2F3A0AFE00211BDA /* SnapshotTesting in Frameworks */ = {isa = PBXBuildFile; productRef = 587D313E2F3A0AFE00211BDA /* SnapshotTesting */; };
		587D31412F3A0B1900211BDA /* SnapshotTestingCustomDump in Frameworks */ = {isa = PBXBuildFile; productRef = 587D31402F3A0B1900211BDA /* SnapshotTestingCustomDump */; };
		587D31432F3A0B1E00211BDA /* InlineSnapshotTesting in Frameworks */ = {isa = PBXBuildFile; productRef = 587D31422F3A0B1E00211BDA /* InlineSnapshotTesting */; };
/* End PBXBuildFile section */

/* Begin PBXContainerItemProxy section */
		58B36EDA2F3A04B100A9953C /* PBXContainerItemProxy */ = {
			isa = PBXContainerItemProxy;
			containerPortal = 58473E082F38FBD80038BA54 /* Project object */;
			proxyType = 1;
			remoteGlobalIDString = 58473E0F2F38FBD80038BA54;
			remoteInfo = Pathly;
		};
/* End PBXContainerItemProxy section */

/* Begin PBXFileReference section */
		58473E102F38FBD80038BA54 /* Pathly.app */ = {isa = PBXFileReference; explicitFileType = wrapper.application; includeInIndex = 0; path = Pathly.app; sourceTree = BUILT_PRODUCTS_DIR; };
		58B36ED62F3A04B100A9953C /* PathlyTestss.xctest */ = {isa = PBXFileReference; explicitFileType = wrapper.cfbundle; includeInIndex = 0; path = PathlyTestss.xctest; sourceTree = BUILT_PRODUCTS_DIR; };
/* End PBXFileReference section */

/* Begin PBXFileSystemSynchronizedRootGroup section */
		58473E122F38FBD80038BA54 /* Pathly */ = {
			isa = PBXFileSystemSynchronizedRootGroup;
			path = Pathly;
			sourceTree = "<group>";
		};
		58B36ED72F3A04B100A9953C /* PathlyTestss */ = {
			isa = PBXFileSystemSynchronizedRootGroup;
			path = PathlyTestss;
			sourceTree = "<group>";
		};
/* End PBXFileSystemSynchronizedRootGroup section */

/* Begin PBXFrameworksBuildPhase section */
		58473E0D2F38FBD80038BA54 /* Frameworks */ = {
			isa = PBXFrameworksBuildPhase;
			buildActionMask = 2147483647;
			files = (
			);
			runOnlyForDeploymentPostprocessing = 0;
		};
		58B36ED32F3A04B100A9953C /* Frameworks */ = {
			isa = PBXFrameworksBuildPhase;
			buildActionMask = 2147483647;
			files = (
				587D31412F3A0B1900211BDA /* SnapshotTestingCustomDump in Frameworks */,
				587D31432F3A0B1E00211BDA /* InlineSnapshotTesting in Frameworks */,
				587D313F2F3A0AFE00211BDA /* SnapshotTesting in Frameworks */,
			);
			runOnlyForDeploymentPostprocessing = 0;
		};
/* End PBXFrameworksBuildPhase section */

/* Begin PBXGroup section */
		58473E072F38FBD80038BA54 = {
			isa = PBXGroup;
			children = (
				58473E122F38FBD80038BA54 /* Pathly */,
				58B36ED72F3A04B100A9953C /* PathlyTestss */,
				587D313D2F3A0AFE00211BDA /* Frameworks */,
				58473E112F38FBD80038BA54 /* Products */,
			);
			sourceTree = "<group>";
		};
		58473E112F38FBD80038BA54 /* Products */ = {
			isa = PBXGroup;
			children = (
				58473E102F38FBD80038BA54 /* Pathly.app */,
				58B36ED62F3A04B100A9953C /* PathlyTestss.xctest */,
			);
			name = Products;
			sourceTree = "<group>";
		};
		587D313D2F3A0AFE00211BDA /* Frameworks */ = {
			isa = PBXGroup;
			children = (
			);
			name = Frameworks;
			sourceTree = "<group>";
		};
/* End PBXGroup section */

/* Begin PBXNativeTarget section */
		58473E0F2F38FBD80038BA54 /* Pathly */ = {
			isa = PBXNativeTarget;
			buildConfigurationList = 58473E1B2F38FBDB0038BA54 /* Build configuration list for PBXNativeTarget "Pathly" */;
			buildPhases = (
				58473E0C2F38FBD80038BA54 /* Sources */,
				58473E0D2F38FBD80038BA54 /* Frameworks */,
				58473E0E2F38FBD80038BA54 /* Resources */,
			);
			buildRules = (
			);
			dependencies = (
			);
			fileSystemSynchronizedGroups = (
				58473E122F38FBD80038BA54 /* Pathly */,
			);
			name = Pathly;
			packageProductDependencies = (
			);
			productName = Pathly;
			productReference = 58473E102F38FBD80038BA54 /* Pathly.app */;
			productType = "com.apple.product-type.application";
		};
		58B36ED52F3A04B100A9953C /* PathlyTestss */ = {
			isa = PBXNativeTarget;
			buildConfigurationList = 58B36EDC2F3A04B100A9953C /* Build configuration list for PBXNativeTarget "PathlyTestss" */;
			buildPhases = (
				58B36ED22F3A04B100A9953C /* Sources */,
				58B36ED32F3A04B100A9953C /* Frameworks */,
				58B36ED42F3A04B100A9953C /* Resources */,
			);
			buildRules = (
			);
			dependencies = (
				58B36EDB2F3A04B100A9953C /* PBXTargetDependency */,
			);
			fileSystemSynchronizedGroups = (
				58B36ED72F3A04B100A9953C /* PathlyTestss */,
			);
			name = PathlyTestss;
			packageProductDependencies = (
				587D313E2F3A0AFE00211BDA /* SnapshotTesting */,
				587D31402F3A0B1900211BDA /* SnapshotTestingCustomDump */,
				587D31422F3A0B1E00211BDA /* InlineSnapshotTesting */,
			);
			productName = PathlyTestss;
			productReference = 58B36ED62F3A04B100A9953C /* PathlyTestss.xctest */;
			productType = "com.apple.product-type.bundle.unit-test";
		};
/* End PBXNativeTarget section */

/* Begin PBXProject section */
		58473E082F38FBD80038BA54 /* Project object */ = {
			isa = PBXProject;
			attributes = {
				BuildIndependentTargetsInParallel = 1;
				LastSwiftUpdateCheck = 1640;
				LastUpgradeCheck = 1640;
				TargetAttributes = {
					58473E0F2F38FBD80038BA54 = {
						CreatedOnToolsVersion = 16.4;
					};
					58B36ED52F3A04B100A9953C = {
						CreatedOnToolsVersion = 16.4;
						TestTargetID = 58473E0F2F38FBD80038BA54;
					};
				};
			};
			buildConfigurationList = 58473E0B2F38FBD80038BA54 /* Build configuration list for PBXProject "Pathly" */;
			developmentRegion = en;
			hasScannedForEncodings = 0;
			knownRegions = (
				en,
				Base,
			);
			mainGroup = 58473E072F38FBD80038BA54;
			minimizedProjectReferenceProxies = 1;
			packageReferences = (
				58B36E872F39FB9E00A9953C /* XCRemoteSwiftPackageReference "swift-snapshot-testing" */,
			);
			preferredProjectObjectVersion = 77;
			productRefGroup = 58473E112F38FBD80038BA54 /* Products */;
			projectDirPath = "";
			projectRoot = "";
			targets = (
				58473E0F2F38FBD80038BA54 /* Pathly */,
				58B36ED52F3A04B100A9953C /* PathlyTestss */,
			);
		};
/* End PBXProject section */

/* Begin PBXResourcesBuildPhase section */
		58473E0E2F38FBD80038BA54 /* Resources */ = {
			isa = PBXResourcesBuildPhase;
			buildActionMask = 2147483647;
			files = (
			);
			runOnlyForDeploymentPostprocessing = 0;
		};
		58B36ED42F3A04B100A9953C /* Resources */ = {
			isa = PBXResourcesBuildPhase;
			buildActionMask = 2147483647;
			files = (
			);
			runOnlyForDeploymentPostprocessing = 0;
		};
/* End PBXResourcesBuildPhase section */

/* Begin PBXSourcesBuildPhase section */
		58473E0C2F38FBD80038BA54 /* Sources */ = {
			isa = PBXSourcesBuildPhase;
			buildActionMask = 2147483647;
			files = (
			);
			runOnlyForDeploymentPostprocessing = 0;
		};
		58B36ED22F3A04B100A9953C /* Sources */ = {
			isa = PBXSourcesBuildPhase;
			buildActionMask = 2147483647;
			files = (
			);
			runOnlyForDeploymentPostprocessing = 0;
		};
/* End PBXSourcesBuildPhase section */

/* Begin PBXTargetDependency section */
		58B36EDB2F3A04B100A9953C /* PBXTargetDependency */ = {
			isa = PBXTargetDependency;
			target = 58473E0F2F38FBD80038BA54 /* Pathly */;
			targetProxy = 58B36EDA2F3A04B100A9953C /* PBXContainerItemProxy */;
		};
/* End PBXTargetDependency section */

/* Begin XCBuildConfiguration section */
		58473E192F38FBDB0038BA54 /* Debug */ = {
			isa = XCBuildConfiguration;
			buildSettings = {
				ALWAYS_SEARCH_USER_PATHS = NO;
				ASSETCATALOG_COMPILER_GENERATE_SWIFT_ASSET_SYMBOL_EXTENSIONS = YES;
				CLANG_ANALYZER_NONNULL = YES;
				CLANG_ANALYZER_NUMBER_OBJECT_CONVERSION = YES_AGGRESSIVE;
				CLANG_CXX_LANGUAGE_STANDARD = "gnu++20";
				CLANG_ENABLE_MODULES = YES;
				CLANG_ENABLE_OBJC_ARC = YES;
				CLANG_ENABLE_OBJC_WEAK = YES;
				CLANG_WARN_BLOCK_CAPTURE_AUTORELEASING = YES;
				CLANG_WARN_BOOL_CONVERSION = YES;
				CLANG_WARN_COMMA = YES;
				CLANG_WARN_CONSTANT_CONVERSION = YES;
				CLANG_WARN_DEPRECATED_OBJC_IMPLEMENTATIONS = YES;
				CLANG_WARN_DIRECT_OBJC_ISA_USAGE = YES_ERROR;
				CLANG_WARN_DOCUMENTATION_COMMENTS = YES;
				CLANG_WARN_EMPTY_BODY = YES;
				CLANG_WARN_ENUM_CONVERSION = YES;
				CLANG_WARN_INFINITE_RECURSION = YES;
				CLANG_WARN_INT_CONVERSION = YES;
				CLANG_WARN_NON_LITERAL_NULL_CONVERSION = YES;
				CLANG_WARN_OBJC_IMPLICIT_RETAIN_SELF = YES;
				CLANG_WARN_OBJC_LITERAL_CONVERSION = YES;
				CLANG_WARN_OBJC_ROOT_CLASS = YES_ERROR;
				CLANG_WARN_QUOTED_INCLUDE_IN_FRAMEWORK_HEADER = YES;
				CLANG_WARN_RANGE_LOOP_ANALYSIS = YES;
				CLANG_WARN_STRICT_PROTOTYPES = YES;
				CLANG_WARN_SUSPICIOUS_MOVE = YES;
				CLANG_WARN_UNGUARDED_AVAILABILITY = YES_AGGRESSIVE;
				CLANG_WARN_UNREACHABLE_CODE = YES;
				CLANG_WARN__DUPLICATE_METHOD_MATCH = YES;
				COPY_PHASE_STRIP = NO;
				DEBUG_INFORMATION_FORMAT = dwarf;
				DEVELOPMENT_TEAM = 8JM7VY488D;
				ENABLE_STRICT_OBJC_MSGSEND = YES;
				ENABLE_TESTABILITY = YES;
				ENABLE_USER_SCRIPT_SANDBOXING = YES;
				GCC_C_LANGUAGE_STANDARD = gnu17;
				GCC_DYNAMIC_NO_PIC = NO;
				GCC_NO_COMMON_BLOCKS = YES;
				GCC_OPTIMIZATION_LEVEL = 0;
				GCC_PREPROCESSOR_DEFINITIONS = (
					"DEBUG=1",
					"$(inherited)",
				);
				GCC_WARN_64_TO_32_BIT_CONVERSION = YES;
				GCC_WARN_ABOUT_RETURN_TYPE = YES_ERROR;
				GCC_WARN_UNDECLARED_SELECTOR = YES;
				GCC_WARN_UNINITIALIZED_AUTOS = YES_AGGRESSIVE;
				GCC_WARN_UNUSED_FUNCTION = YES;
				GCC_WARN_UNUSED_VARIABLE = YES;
				IPHONEOS_DEPLOYMENT_TARGET = 18.5;
				LOCALIZATION_PREFERS_STRING_CATALOGS = YES;
				MTL_ENABLE_DEBUG_INFO = INCLUDE_SOURCE;
				MTL_FAST_MATH = YES;
				ONLY_ACTIVE_ARCH = YES;
				SDKROOT = iphoneos;
				SWIFT_ACTIVE_COMPILATION_CONDITIONS = "DEBUG $(inherited)";
				SWIFT_OPTIMIZATION_LEVEL = "-Onone";
			};
			name = Debug;
		};
		58473E1A2F38FBDB0038BA54 /* Release */ = {
			isa = XCBuildConfiguration;
			buildSettings = {
				ALWAYS_SEARCH_USER_PATHS = NO;
				ASSETCATALOG_COMPILER_GENERATE_SWIFT_ASSET_SYMBOL_EXTENSIONS = YES;
				CLANG_ANALYZER_NONNULL = YES;
				CLANG_ANALYZER_NUMBER_OBJECT_CONVERSION = YES_AGGRESSIVE;
				CLANG_CXX_LANGUAGE_STANDARD = "gnu++20";
				CLANG_ENABLE_MODULES = YES;
				CLANG_ENABLE_OBJC_ARC = YES;
				CLANG_ENABLE_OBJC_WEAK = YES;
				CLANG_WARN_BLOCK_CAPTURE_AUTORELEASING = YES;
				CLANG_WARN_BOOL_CONVERSION = YES;
				CLANG_WARN_COMMA = YES;
				CLANG_WARN_CONSTANT_CONVERSION = YES;
				CLANG_WARN_DEPRECATED_OBJC_IMPLEMENTATIONS = YES;
				CLANG_WARN_DIRECT_OBJC_ISA_USAGE = YES_ERROR;
				CLANG_WARN_DOCUMENTATION_COMMENTS = YES;
				CLANG_WARN_EMPTY_BODY = YES;
				CLANG_WARN_ENUM_CONVERSION = YES;
				CLANG_WARN_INFINITE_RECURSION = YES;
				CLANG_WARN_INT_CONVERSION = YES;
				CLANG_WARN_NON_LITERAL_NULL_CONVERSION = YES;
				CLANG_WARN_OBJC_IMPLICIT_RETAIN_SELF = YES;
				CLANG_WARN_OBJC_LITERAL_CONVERSION = YES;
				CLANG_WARN_OBJC_ROOT_CLASS = YES_ERROR;
				CLANG_WARN_QUOTED_INCLUDE_IN_FRAMEWORK_HEADER = YES;
				CLANG_WARN_RANGE_LOOP_ANALYSIS = YES;
				CLANG_WARN_STRICT_PROTOTYPES = YES;
				CLANG_WARN_SUSPICIOUS_MOVE = YES;
				CLANG_WARN_UNGUARDED_AVAILABILITY = YES_AGGRESSIVE;
				CLANG_WARN_UNREACHABLE_CODE = YES;
				CLANG_WARN__DUPLICATE_METHOD_MATCH = YES;
				COPY_PHASE_STRIP = NO;
				DEBUG_INFORMATION_FORMAT = "dwarf-with-dsym";
				DEVELOPMENT_TEAM = 8JM7VY488D;
				ENABLE_NS_ASSERTIONS = NO;
				ENABLE_STRICT_OBJC_MSGSEND = YES;
				ENABLE_USER_SCRIPT_SANDBOXING = YES;
				GCC_C_LANGUAGE_STANDARD = gnu17;
				GCC_NO_COMMON_BLOCKS = YES;
				GCC_WARN_64_TO_32_BIT_CONVERSION = YES;
				GCC_WARN_ABOUT_RETURN_TYPE = YES_ERROR;
				GCC_WARN_UNDECLARED_SELECTOR = YES;
				GCC_WARN_UNINITIALIZED_AUTOS = YES_AGGRESSIVE;
				GCC_WARN_UNUSED_FUNCTION = YES;
				GCC_WARN_UNUSED_VARIABLE = YES;
				IPHONEOS_DEPLOYMENT_TARGET = 18.5;
				LOCALIZATION_PREFERS_STRING_CATALOGS = YES;
				MTL_ENABLE_DEBUG_INFO = NO;
				MTL_FAST_MATH = YES;
				SDKROOT = iphoneos;
				SWIFT_COMPILATION_MODE = wholemodule;
				VALIDATE_PRODUCT = YES;
			};
			name = Release;
		};
		58473E1C2F38FBDB0038BA54 /* Debug */ = {
			isa = XCBuildConfiguration;
			buildSettings = {
				ASSETCATALOG_COMPILER_APPICON_NAME = AppIcon;
				ASSETCATALOG_COMPILER_GLOBAL_ACCENT_COLOR_NAME = AccentColor;
				CODE_SIGN_STYLE = Automatic;
				CURRENT_PROJECT_VERSION = 1;
				DEVELOPMENT_TEAM = 8JM7VY488D;
				ENABLE_PREVIEWS = YES;
				GENERATE_INFOPLIST_FILE = YES;
				INFOPLIST_KEY_UIApplicationSceneManifest_Generation = YES;
				INFOPLIST_KEY_UIApplicationSupportsIndirectInputEvents = YES;
				INFOPLIST_KEY_UILaunchScreen_Generation = YES;
				INFOPLIST_KEY_UISupportedInterfaceOrientations_iPad = "UIInterfaceOrientationPortrait UIInterfaceOrientationPortraitUpsideDown UIInterfaceOrientationLandscapeLeft UIInterfaceOrientationLandscapeRight";
				INFOPLIST_KEY_UISupportedInterfaceOrientations_iPhone = "UIInterfaceOrientationPortrait UIInterfaceOrientationLandscapeLeft UIInterfaceOrientationLandscapeRight";
				LD_RUNPATH_SEARCH_PATHS = (
					"$(inherited)",
					"@executable_path/Frameworks",
				);
				MARKETING_VERSION = 1.0;
				PRODUCT_BUNDLE_IDENTIFIER = Items.Pathly;
				PRODUCT_NAME = "$(TARGET_NAME)";
				SWIFT_EMIT_LOC_STRINGS = YES;
				SWIFT_VERSION = 5.0;
				TARGETED_DEVICE_FAMILY = "1,2";
			};
			name = Debug;
		};
		58473E1D2F38FBDB0038BA54 /* Release */ = {
			isa = XCBuildConfiguration;
			buildSettings = {
				ASSETCATALOG_COMPILER_APPICON_NAME = AppIcon;
				ASSETCATALOG_COMPILER_GLOBAL_ACCENT_COLOR_NAME = AccentColor;
				CODE_SIGN_STYLE = Automatic;
				CURRENT_PROJECT_VERSION = 1;
				DEVELOPMENT_TEAM = 8JM7VY488D;
				ENABLE_PREVIEWS = YES;
				GENERATE_INFOPLIST_FILE = YES;
				INFOPLIST_KEY_UIApplicationSceneManifest_Generation = YES;
				INFOPLIST_KEY_UIApplicationSupportsIndirectInputEvents = YES;
				INFOPLIST_KEY_UILaunchScreen_Generation = YES;
				INFOPLIST_KEY_UISupportedInterfaceOrientations_iPad = "UIInterfaceOrientationPortrait UIInterfaceOrientationPortraitUpsideDown UIInterfaceOrientationLandscapeLeft UIInterfaceOrientationLandscapeRight";
				INFOPLIST_KEY_UISupportedInterfaceOrientations_iPhone = "UIInterfaceOrientationPortrait UIInterfaceOrientationLandscapeLeft UIInterfaceOrientationLandscapeRight";
				LD_RUNPATH_SEARCH_PATHS = (
					"$(inherited)",
					"@executable_path/Frameworks",
				);
				MARKETING_VERSION = 1.0;
				PRODUCT_BUNDLE_IDENTIFIER = Items.Pathly;
				PRODUCT_NAME = "$(TARGET_NAME)";
				SWIFT_EMIT_LOC_STRINGS = YES;
				SWIFT_VERSION = 5.0;
				TARGETED_DEVICE_FAMILY = "1,2";
			};
			name = Release;
		};
		58B36EDD2F3A04B100A9953C /* Debug */ = {
			isa = XCBuildConfiguration;
			buildSettings = {
				BUNDLE_LOADER = "$(TEST_HOST)";
				CODE_SIGN_STYLE = Automatic;
				CURRENT_PROJECT_VERSION = 1;
				DEVELOPMENT_TEAM = 8JM7VY488D;
				GENERATE_INFOPLIST_FILE = YES;
				MARKETING_VERSION = 1.0;
				PRODUCT_BUNDLE_IDENTIFIER = Items.PathlyTestss;
				PRODUCT_NAME = "$(TARGET_NAME)";
				SWIFT_EMIT_LOC_STRINGS = NO;
				SWIFT_VERSION = 5.0;
				TARGETED_DEVICE_FAMILY = "1,2";
				TEST_HOST = "$(BUILT_PRODUCTS_DIR)/Pathly.app/$(BUNDLE_EXECUTABLE_FOLDER_PATH)/Pathly";
			};
			name = Debug;
		};
		58B36EDE2F3A04B100A9953C /* Release */ = {
			isa = XCBuildConfiguration;
			buildSettings = {
				BUNDLE_LOADER = "$(TEST_HOST)";
				CODE_SIGN_STYLE = Automatic;
				CURRENT_PROJECT_VERSION = 1;
				DEVELOPMENT_TEAM = 8JM7VY488D;
				GENERATE_INFOPLIST_FILE = YES;
				MARKETING_VERSION = 1.0;
				PRODUCT_BUNDLE_IDENTIFIER = Items.PathlyTestss;
				PRODUCT_NAME = "$(TARGET_NAME)";
				SWIFT_EMIT_LOC_STRINGS = NO;
				SWIFT_VERSION = 5.0;
				TARGETED_DEVICE_FAMILY = "1,2";
				TEST_HOST = "$(BUILT_PRODUCTS_DIR)/Pathly.app/$(BUNDLE_EXECUTABLE_FOLDER_PATH)/Pathly";
			};
			name = Release;
		};
/* End XCBuildConfiguration section */

/* Begin XCConfigurationList section */
		58473E0B2F38FBD80038BA54 /* Build configuration list for PBXProject "Pathly" */ = {
			isa = XCConfigurationList;
			buildConfigurations = (
				58473E192F38FBDB0038BA54 /* Debug */,
				58473E1A2F38FBDB0038BA54 /* Release */,
			);
			defaultConfigurationIsVisible = 0;
			defaultConfigurationName = Release;
		};
		58473E1B2F38FBDB0038BA54 /* Build configuration list for PBXNativeTarget "Pathly" */ = {
			isa = XCConfigurationList;
			buildConfigurations = (
				58473E1C2F38FBDB0038BA54 /* Debug */,
				58473E1D2F38FBDB0038BA54 /* Release */,
			);
			defaultConfigurationIsVisible = 0;
			defaultConfigurationName = Release;
		};
		58B36EDC2F3A04B100A9953C /* Build configuration list for PBXNativeTarget "PathlyTestss" */ = {
			isa = XCConfigurationList;
			buildConfigurations = (
				58B36EDD2F3A04B100A9953C /* Debug */,
				58B36EDE2F3A04B100A9953C /* Release */,
			);
			defaultConfigurationIsVisible = 0;
			defaultConfigurationName = Release;
		};
/* End XCConfigurationList section */

/* Begin XCRemoteSwiftPackageReference section */
		58B36E872F39FB9E00A9953C /* XCRemoteSwiftPackageReference "swift-snapshot-testing" */ = {
			isa = XCRemoteSwiftPackageReference;
			repositoryURL = "https://github.com/pointfreeco/swift-snapshot-testing.git";
			requirement = {
				kind = upToNextMajorVersion;
				minimumVersion = 1.18.9;
			};
		};
/* End XCRemoteSwiftPackageReference section */

/* Begin XCSwiftPackageProductDependency section */
		587D313E2F3A0AFE00211BDA /* SnapshotTesting */ = {
			isa = XCSwiftPackageProductDependency;
			package = 58B36E872F39FB9E00A9953C /* XCRemoteSwiftPackageReference "swift-snapshot-testing" */;
			productName = SnapshotTesting;
		};
		587D31402F3A0B1900211BDA /* SnapshotTestingCustomDump */ = {
			isa = XCSwiftPackageProductDependency;
			package = 58B36E872F39FB9E00A9953C /* XCRemoteSwiftPackageReference "swift-snapshot-testing" */;
			productName = SnapshotTestingCustomDump;
		};
		587D31422F3A0B1E00211BDA /* InlineSnapshotTesting */ = {
			isa = XCSwiftPackageProductDependency;
			package = 58B36E872F39FB9E00A9953C /* XCRemoteSwiftPackageReference "swift-snapshot-testing" */;
			productName = InlineSnapshotTesting;
		};
/* End XCSwiftPackageProductDependency section */
	};
	rootObject = 58473E082F38FBD80038BA54 /* Project object */;
}
